
Microsoft Visual Studio Solution File, Format Version 12.00
# Visual Studio Version 16
VisualStudioVersion = 16.0.29306.81
MinimumVisualStudioVersion = 10.0.40219.1
Project("{2150E333-8FDC-42A3-9474-1A3956D46DE8}") = "Solution Items", "Solution Items", "{A9FC976F-1A5C-4A48-89CF-EB6E30A11083}"
	ProjectSection(SolutionItems) = preProject
		game.js = game.js
		index.html = index.html
		menu.js = menu.js
		ScenePruebas.js = ScenePruebas.js
		Square.js = Square.js
	EndProjectSection
EndProject
Global
	GlobalSection(SolutionProperties) = preSolution
		HideSolutionNode = FALSE
	EndGlobalSection
	GlobalSection(ExtensibilityGlobals) = postSolution
		SolutionGuid = {3A5E6D25-1787-4973-A676-EF2CEB1FA25D}
	EndGlobalSection
EndGlobal
